
Microsoft Visual Studio Solution File, Format Version 12.00
# Visual Studio 15
VisualStudioVersion = 15.0.27428.2037
MinimumVisualStudioVersion = 10.0.40219.1
Project("{9A19103F-16F7-4668-BE54-9A1E7A4F7556}") = "ExampleServer", "ExampleServer\ExampleServer.csproj", "{F1757A8F-6AD5-490B-9303-936FF163BA75}"
EndProject
Project("{9A19103F-16F7-4668-BE54-9A1E7A4F7556}") = "lib", "lib\lib.csproj", "{40E9A49B-F7FA-4939-A543-A02A2C172D85}"
EndProject
Project("{9A19103F-16F7-4668-BE54-9A1E7A4F7556}") = "UnitTesting", "UnitTesting\UnitTesting.csproj", "{53C0FAA3-5805-4C4F-8686-1B06C47073FD}"
EndProject
Project("{9A19103F-16F7-4668-BE54-9A1E7A4F7556}") = "Hpack", "Hpack\Hpack.csproj", "{1A19DFCC-9C5A-42D6-9B21-C3D0C365D5CE}"
EndProject
Project("{9A19103F-16F7-4668-BE54-9A1E7A4F7556}") = "HpackTests", "HpackTests\HpackTests.csproj", "{6198E168-E4B4-4A07-A396-8C274FC20BB1}"
EndProject
Global
	GlobalSection(SolutionConfigurationPlatforms) = preSolution
		Debug|Any CPU = Debug|Any CPU
		Release|Any CPU = Release|Any CPU
	EndGlobalSection
	GlobalSection(ProjectConfigurationPlatforms) = postSolution
		{F1757A8F-6AD5-490B-9303-936FF163BA75}.Debug|Any CPU.ActiveCfg = Debug|Any CPU
		{F1757A8F-6AD5-490B-9303-936FF163BA75}.Debug|Any CPU.Build.0 = Debug|Any CPU
		{F1757A8F-6AD5-490B-9303-936FF163BA75}.Release|Any CPU.ActiveCfg = Release|Any CPU
		{F1757A8F-6AD5-490B-9303-936FF163BA75}.Release|Any CPU.Build.0 = Release|Any CPU
		{40E9A49B-F7FA-4939-A543-A02A2C172D85}.Debug|Any CPU.ActiveCfg = Debug|Any CPU
		{40E9A49B-F7FA-4939-A543-A02A2C172D85}.Debug|Any CPU.Build.0 = Debug|Any CPU
		{40E9A49B-F7FA-4939-A543-A02A2C172D85}.Release|Any CPU.ActiveCfg = Release|Any CPU
		{40E9A49B-F7FA-4939-A543-A02A2C172D85}.Release|Any CPU.Build.0 = Release|Any CPU
		{53C0FAA3-5805-4C4F-8686-1B06C47073FD}.Debug|Any CPU.ActiveCfg = Debug|Any CPU
		{53C0FAA3-5805-4C4F-8686-1B06C47073FD}.Debug|Any CPU.Build.0 = Debug|Any CPU
		{53C0FAA3-5805-4C4F-8686-1B06C47073FD}.Release|Any CPU.ActiveCfg = Release|Any CPU
		{53C0FAA3-5805-4C4F-8686-1B06C47073FD}.Release|Any CPU.Build.0 = Release|Any CPU
		{1A19DFCC-9C5A-42D6-9B21-C3D0C365D5CE}.Debug|Any CPU.ActiveCfg = Debug|Any CPU
		{1A19DFCC-9C5A-42D6-9B21-C3D0C365D5CE}.Debug|Any CPU.Build.0 = Debug|Any CPU
		{1A19DFCC-9C5A-42D6-9B21-C3D0C365D5CE}.Release|Any CPU.ActiveCfg = Release|Any CPU
		{1A19DFCC-9C5A-42D6-9B21-C3D0C365D5CE}.Release|Any CPU.Build.0 = Release|Any CPU
		{6198E168-E4B4-4A07-A396-8C274FC20BB1}.Debug|Any CPU.ActiveCfg = Debug|Any CPU
		{6198E168-E4B4-4A07-A396-8C274FC20BB1}.Debug|Any CPU.Build.0 = Debug|Any CPU
		{6198E168-E4B4-4A07-A396-8C274FC20BB1}.Release|Any CPU.ActiveCfg = Release|Any CPU
		{6198E168-E4B4-4A07-A396-8C274FC20BB1}.Release|Any CPU.Build.0 = Release|Any CPU
	EndGlobalSection
	GlobalSection(SolutionProperties) = preSolution
		HideSolutionNode = FALSE
	EndGlobalSection
	GlobalSection(ExtensibilityGlobals) = postSolution
		SolutionGuid = {ADA1552C-B709-47FC-B217-CC4885DE5A49}
	EndGlobalSection
EndGlobal
